{
  "originHash" : "28bef75a1ce6dbaebcde27ceefcbc1fd3ab59fb89f0a56f76d9663443ee7af6f",
  "pins" : [
    {
      "identity" : "foundationmodelstools",
      "kind" : "remoteSourceControl",
      "location" : "https://github.com/rudrankriyam/FoundationModelsTools.git",
      "state" : {
        "branch" : "main",
        "revision" : "0bcc3d9210b6a99c6a137ea3dff300697c7b845b"
      }
    },
    {
      "identity" : "highlightswift",
      "kind" : "remoteSourceControl",
      "location" : "https://github.com/appstefan/HighlightSwift.git",
      "state" : {
        "revision" : "784ca3ccfc8a2cf724fbb2f06cb6ec3329424da3",
        "version" : "1.1.0"
      }
    },
    {
      "identity" : "liquidglaskit",
      "kind" : "remoteSourceControl",
      "location" : "https://github.com/rryam/LiquidGlasKit.git",
      "state" : {
        "branch" : "main",
        "revision" : "32e62d22860674832008678882e868a483bc7fef"
      }
    }
  ],
  "version" : 3
}
